
Microsoft Visual Studio Solution File, Format Version 12.00
# Visual Studio 15
VisualStudioVersion = 15.0.26124.0
MinimumVisualStudioVersion = 15.0.26124.0
Project("{FAE04EC0-301F-11D3-BF4B-00C04F79EFBC}") = "GeneratorWizard", "GeneratorWizard\GeneratorWizard.csproj", "{17AB37CA-7ED9-4D90-B4AC-D4A76EAF1794}"
EndProject
Project("{FAE04EC0-301F-11D3-BF4B-00C04F79EFBC}") = "Excel_DBC_Template_Reader", "Excel_DBC_Template_Reader\Excel_DBC_Template_Reader.csproj", "{DC31A7D9-9CFB-4E74-9C6F-4481A61F2D4A}"
EndProject
Project("{FAE04EC0-301F-11D3-BF4B-00C04F79EFBC}") = "ArxmlFormater", "ArxmlFormater\ArxmlFormater.csproj", "{64A4ACDF-3A4F-4F14-968C-5DDBE85E6629}"
EndProject
Project("{2150E333-8FDC-42A3-9474-1A3956D46DE8}") = "SubModules", "SubModules", "{6484A091-2778-4FE8-A47E-E50406604840}"
EndProject
Project("{FAE04EC0-301F-11D3-BF4B-00C04F79EFBC}") = "NetCoreSystemEnvHelper", "SubModules\NetCoreSystemEnvHelper\NetCoreSystemEnvHelper.csproj", "{B914B69C-A6F1-4147-A4A2-CB5722A4B2AC}"
EndProject
Project("{FAE04EC0-301F-11D3-BF4B-00C04F79EFBC}") = "ConfigureTemplateEx", "ConfigureTemplateEx\ConfigureTemplateEx.csproj", "{EDF27287-F2D7-4FCC-A85C-090CD668393D}"
EndProject
Project("{FAE04EC0-301F-11D3-BF4B-00C04F79EFBC}") = "DBCParser", "DBCParser\DBCParser.csproj", "{F36E23CF-A3FA-4F1C-A458-1F341737B0CC}"
EndProject
Project("{FAE04EC0-301F-11D3-BF4B-00C04F79EFBC}") = "DBCParser.Tests", "DBCParser.Tests\DBCParser.Tests.csproj", "{8962E70B-24F0-4D9C-8022-10232E39055B}"
EndProject
Project("{FAE04EC0-301F-11D3-BF4B-00C04F79EFBC}") = "ArxmlTemplateDealer", "ArxmlTemplateDealer\ArxmlTemplateDealer.csproj", "{B3910092-28E4-40F5-8DB0-1C365FE8BDF4}"
EndProject
Global
	GlobalSection(SolutionConfigurationPlatforms) = preSolution
		Debug|Any CPU = Debug|Any CPU
		Debug|x64 = Debug|x64
		Debug|x86 = Debug|x86
		Release|Any CPU = Release|Any CPU
		Release|x64 = Release|x64
		Release|x86 = Release|x86
	EndGlobalSection
	GlobalSection(SolutionProperties) = preSolution
		HideSolutionNode = FALSE
	EndGlobalSection
	GlobalSection(ProjectConfigurationPlatforms) = postSolution
		{17AB37CA-7ED9-4D90-B4AC-D4A76EAF1794}.Debug|Any CPU.ActiveCfg = Debug|Any CPU
		{17AB37CA-7ED9-4D90-B4AC-D4A76EAF1794}.Debug|Any CPU.Build.0 = Debug|Any CPU
		{17AB37CA-7ED9-4D90-B4AC-D4A76EAF1794}.Debug|x64.ActiveCfg = Debug|Any CPU
		{17AB37CA-7ED9-4D90-B4AC-D4A76EAF1794}.Debug|x64.Build.0 = Debug|Any CPU
		{17AB37CA-7ED9-4D90-B4AC-D4A76EAF1794}.Debug|x86.ActiveCfg = Debug|Any CPU
		{17AB37CA-7ED9-4D90-B4AC-D4A76EAF1794}.Debug|x86.Build.0 = Debug|Any CPU
		{17AB37CA-7ED9-4D90-B4AC-D4A76EAF1794}.Release|Any CPU.ActiveCfg = Release|Any CPU
		{17AB37CA-7ED9-4D90-B4AC-D4A76EAF1794}.Release|Any CPU.Build.0 = Release|Any CPU
		{17AB37CA-7ED9-4D90-B4AC-D4A76EAF1794}.Release|x64.ActiveCfg = Release|Any CPU
		{17AB37CA-7ED9-4D90-B4AC-D4A76EAF1794}.Release|x64.Build.0 = Release|Any CPU
		{17AB37CA-7ED9-4D90-B4AC-D4A76EAF1794}.Release|x86.ActiveCfg = Release|Any CPU
		{17AB37CA-7ED9-4D90-B4AC-D4A76EAF1794}.Release|x86.Build.0 = Release|Any CPU
		{DC31A7D9-9CFB-4E74-9C6F-4481A61F2D4A}.Debug|Any CPU.ActiveCfg = Debug|Any CPU
		{DC31A7D9-9CFB-4E74-9C6F-4481A61F2D4A}.Debug|Any CPU.Build.0 = Debug|Any CPU
		{DC31A7D9-9CFB-4E74-9C6F-4481A61F2D4A}.Debug|x64.ActiveCfg = Debug|Any CPU
		{DC31A7D9-9CFB-4E74-9C6F-4481A61F2D4A}.Debug|x64.Build.0 = Debug|Any CPU
		{DC31A7D9-9CFB-4E74-9C6F-4481A61F2D4A}.Debug|x86.ActiveCfg = Debug|Any CPU
		{DC31A7D9-9CFB-4E74-9C6F-4481A61F2D4A}.Debug|x86.Build.0 = Debug|Any CPU
		{DC31A7D9-9CFB-4E74-9C6F-4481A61F2D4A}.Release|Any CPU.ActiveCfg = Release|Any CPU
		{DC31A7D9-9CFB-4E74-9C6F-4481A61F2D4A}.Release|Any CPU.Build.0 = Release|Any CPU
		{DC31A7D9-9CFB-4E74-9C6F-4481A61F2D4A}.Release|x64.ActiveCfg = Release|Any CPU
		{DC31A7D9-9CFB-4E74-9C6F-4481A61F2D4A}.Release|x64.Build.0 = Release|Any CPU
		{DC31A7D9-9CFB-4E74-9C6F-4481A61F2D4A}.Release|x86.ActiveCfg = Release|Any CPU
		{DC31A7D9-9CFB-4E74-9C6F-4481A61F2D4A}.Release|x86.Build.0 = Release|Any CPU
		{64A4ACDF-3A4F-4F14-968C-5DDBE85E6629}.Debug|Any CPU.ActiveCfg = Debug|Any CPU
		{64A4ACDF-3A4F-4F14-968C-5DDBE85E6629}.Debug|Any CPU.Build.0 = Debug|Any CPU
		{64A4ACDF-3A4F-4F14-968C-5DDBE85E6629}.Debug|x64.ActiveCfg = Debug|Any CPU
		{64A4ACDF-3A4F-4F14-968C-5DDBE85E6629}.Debug|x64.Build.0 = Debug|Any CPU
		{64A4ACDF-3A4F-4F14-968C-5DDBE85E6629}.Debug|x86.ActiveCfg = Debug|Any CPU
		{64A4ACDF-3A4F-4F14-968C-5DDBE85E6629}.Debug|x86.Build.0 = Debug|Any CPU
		{64A4ACDF-3A4F-4F14-968C-5DDBE85E6629}.Release|Any CPU.ActiveCfg = Release|Any CPU
		{64A4ACDF-3A4F-4F14-968C-5DDBE85E6629}.Release|Any CPU.Build.0 = Release|Any CPU
		{64A4ACDF-3A4F-4F14-968C-5DDBE85E6629}.Release|x64.ActiveCfg = Release|Any CPU
		{64A4ACDF-3A4F-4F14-968C-5DDBE85E6629}.Release|x64.Build.0 = Release|Any CPU
		{64A4ACDF-3A4F-4F14-968C-5DDBE85E6629}.Release|x86.ActiveCfg = Release|Any CPU
		{64A4ACDF-3A4F-4F14-968C-5DDBE85E6629}.Release|x86.Build.0 = Release|Any CPU
		{B914B69C-A6F1-4147-A4A2-CB5722A4B2AC}.Debug|Any CPU.ActiveCfg = Debug|Any CPU
		{B914B69C-A6F1-4147-A4A2-CB5722A4B2AC}.Debug|Any CPU.Build.0 = Debug|Any CPU
		{B914B69C-A6F1-4147-A4A2-CB5722A4B2AC}.Debug|x64.ActiveCfg = Debug|Any CPU
		{B914B69C-A6F1-4147-A4A2-CB5722A4B2AC}.Debug|x64.Build.0 = Debug|Any CPU
		{B914B69C-A6F1-4147-A4A2-CB5722A4B2AC}.Debug|x86.ActiveCfg = Debug|Any CPU
		{B914B69C-A6F1-4147-A4A2-CB5722A4B2AC}.Debug|x86.Build.0 = Debug|Any CPU
		{B914B69C-A6F1-4147-A4A2-CB5722A4B2AC}.Release|Any CPU.ActiveCfg = Release|Any CPU
		{B914B69C-A6F1-4147-A4A2-CB5722A4B2AC}.Release|Any CPU.Build.0 = Release|Any CPU
		{B914B69C-A6F1-4147-A4A2-CB5722A4B2AC}.Release|x64.ActiveCfg = Release|Any CPU
		{B914B69C-A6F1-4147-A4A2-CB5722A4B2AC}.Release|x64.Build.0 = Release|Any CPU
		{B914B69C-A6F1-4147-A4A2-CB5722A4B2AC}.Release|x86.ActiveCfg = Release|Any CPU
		{B914B69C-A6F1-4147-A4A2-CB5722A4B2AC}.Release|x86.Build.0 = Release|Any CPU
		{EDF27287-F2D7-4FCC-A85C-090CD668393D}.Debug|Any CPU.ActiveCfg = Debug|Any CPU
		{EDF27287-F2D7-4FCC-A85C-090CD668393D}.Debug|Any CPU.Build.0 = Debug|Any CPU
		{EDF27287-F2D7-4FCC-A85C-090CD668393D}.Debug|x64.ActiveCfg = Debug|Any CPU
		{EDF27287-F2D7-4FCC-A85C-090CD668393D}.Debug|x64.Build.0 = Debug|Any CPU
		{EDF27287-F2D7-4FCC-A85C-090CD668393D}.Debug|x86.ActiveCfg = Debug|Any CPU
		{EDF27287-F2D7-4FCC-A85C-090CD668393D}.Debug|x86.Build.0 = Debug|Any CPU
		{EDF27287-F2D7-4FCC-A85C-090CD668393D}.Release|Any CPU.ActiveCfg = Release|Any CPU
		{EDF27287-F2D7-4FCC-A85C-090CD668393D}.Release|Any CPU.Build.0 = Release|Any CPU
		{EDF27287-F2D7-4FCC-A85C-090CD668393D}.Release|x64.ActiveCfg = Release|Any CPU
		{EDF27287-F2D7-4FCC-A85C-090CD668393D}.Release|x64.Build.0 = Release|Any CPU
		{EDF27287-F2D7-4FCC-A85C-090CD668393D}.Release|x86.ActiveCfg = Release|Any CPU
		{EDF27287-F2D7-4FCC-A85C-090CD668393D}.Release|x86.Build.0 = Release|Any CPU
		{F36E23CF-A3FA-4F1C-A458-1F341737B0CC}.Debug|Any CPU.ActiveCfg = Debug|Any CPU
		{F36E23CF-A3FA-4F1C-A458-1F341737B0CC}.Debug|Any CPU.Build.0 = Debug|Any CPU
		{F36E23CF-A3FA-4F1C-A458-1F341737B0CC}.Debug|x64.ActiveCfg = Debug|Any CPU
		{F36E23CF-A3FA-4F1C-A458-1F341737B0CC}.Debug|x64.Build.0 = Debug|Any CPU
		{F36E23CF-A3FA-4F1C-A458-1F341737B0CC}.Debug|x86.ActiveCfg = Debug|Any CPU
		{F36E23CF-A3FA-4F1C-A458-1F341737B0CC}.Debug|x86.Build.0 = Debug|Any CPU
		{F36E23CF-A3FA-4F1C-A458-1F341737B0CC}.Release|Any CPU.ActiveCfg = Release|Any CPU
		{F36E23CF-A3FA-4F1C-A458-1F341737B0CC}.Release|Any CPU.Build.0 = Release|Any CPU
		{F36E23CF-A3FA-4F1C-A458-1F341737B0CC}.Release|x64.ActiveCfg = Release|Any CPU
		{F36E23CF-A3FA-4F1C-A458-1F341737B0CC}.Release|x64.Build.0 = Release|Any CPU
		{F36E23CF-A3FA-4F1C-A458-1F341737B0CC}.Release|x86.ActiveCfg = Release|Any CPU
		{F36E23CF-A3FA-4F1C-A458-1F341737B0CC}.Release|x86.Build.0 = Release|Any CPU
		{8962E70B-24F0-4D9C-8022-10232E39055B}.Debug|Any CPU.ActiveCfg = Debug|Any CPU
		{8962E70B-24F0-4D9C-8022-10232E39055B}.Debug|Any CPU.Build.0 = Debug|Any CPU
		{8962E70B-24F0-4D9C-8022-10232E39055B}.Debug|x64.ActiveCfg = Debug|Any CPU
		{8962E70B-24F0-4D9C-8022-10232E39055B}.Debug|x64.Build.0 = Debug|Any CPU
		{8962E70B-24F0-4D9C-8022-10232E39055B}.Debug|x86.ActiveCfg = Debug|Any CPU
		{8962E70B-24F0-4D9C-8022-10232E39055B}.Debug|x86.Build.0 = Debug|Any CPU
		{8962E70B-24F0-4D9C-8022-10232E39055B}.Release|Any CPU.ActiveCfg = Release|Any CPU
		{8962E70B-24F0-4D9C-8022-10232E39055B}.Release|Any CPU.Build.0 = Release|Any CPU
		{8962E70B-24F0-4D9C-8022-10232E39055B}.Release|x64.ActiveCfg = Release|Any CPU
		{8962E70B-24F0-4D9C-8022-10232E39055B}.Release|x64.Build.0 = Release|Any CPU
		{8962E70B-24F0-4D9C-8022-10232E39055B}.Release|x86.ActiveCfg = Release|Any CPU
		{8962E70B-24F0-4D9C-8022-10232E39055B}.Release|x86.Build.0 = Release|Any CPU
		{B3910092-28E4-40F5-8DB0-1C365FE8BDF4}.Debug|Any CPU.ActiveCfg = Debug|Any CPU
		{B3910092-28E4-40F5-8DB0-1C365FE8BDF4}.Debug|Any CPU.Build.0 = Debug|Any CPU
		{B3910092-28E4-40F5-8DB0-1C365FE8BDF4}.Debug|x64.ActiveCfg = Debug|Any CPU
		{B3910092-28E4-40F5-8DB0-1C365FE8BDF4}.Debug|x64.Build.0 = Debug|Any CPU
		{B3910092-28E4-40F5-8DB0-1C365FE8BDF4}.Debug|x86.ActiveCfg = Debug|Any CPU
		{B3910092-28E4-40F5-8DB0-1C365FE8BDF4}.Debug|x86.Build.0 = Debug|Any CPU
		{B3910092-28E4-40F5-8DB0-1C365FE8BDF4}.Release|Any CPU.ActiveCfg = Release|Any CPU
		{B3910092-28E4-40F5-8DB0-1C365FE8BDF4}.Release|Any CPU.Build.0 = Release|Any CPU
		{B3910092-28E4-40F5-8DB0-1C365FE8BDF4}.Release|x64.ActiveCfg = Release|Any CPU
		{B3910092-28E4-40F5-8DB0-1C365FE8BDF4}.Release|x64.Build.0 = Release|Any CPU
		{B3910092-28E4-40F5-8DB0-1C365FE8BDF4}.Release|x86.ActiveCfg = Release|Any CPU
		{B3910092-28E4-40F5-8DB0-1C365FE8BDF4}.Release|x86.Build.0 = Release|Any CPU
	EndGlobalSection
	GlobalSection(NestedProjects) = preSolution
		{B914B69C-A6F1-4147-A4A2-CB5722A4B2AC} = {6484A091-2778-4FE8-A47E-E50406604840}
	EndGlobalSection
EndGlobal
